// !$*UTF8*$!
{
	archiveVersion = 1;
	classes = {
	};
	objectVersion = 46;
	objects = {

/* Begin PBXBuildFile section */
		161B9D9B1C0ECF8E005FB59B /* MaxMobSDKV2_0.h in CopyFiles */ = {isa = PBXBuildFile; fileRef = 161B9D9A1C0ECF8E005FB59B /* MaxMobSDKV2_0.h */; };
		161B9D9D1C0ECF8E005FB59B /* MaxMobSDKV2_0.m in Sources */ = {isa = PBXBuildFile; fileRef = 161B9D9C1C0ECF8E005FB59B /* MaxMobSDKV2_0.m */; };
/* End PBXBuildFile section */

/* Begin PBXCopyFilesBuildPhase section */
		161B9D951C0ECF8E005FB59B /* CopyFiles */ = {
			isa = PBXCopyFilesBuildPhase;
			buildActionMask = 2147483647;
			dstPath = "include/$(PRODUCT_NAME)";
			dstSubfolderSpec = 16;
			files = (
				161B9D9B1C0ECF8E005FB59B /* MaxMobSDKV2_0.h in CopyFiles */,
			);
			runOnlyForDeploymentPostprocessing = 0;
		};
/* End PBXCopyFilesBuildPhase section */

/* Begin PBXFileReference section */
		161B9D971C0ECF8E005FB59B /* libMaxMobSDKV2.0.a */ = {isa = PBXFileReference; explicitFileType = archive.ar; includeInIndex = 0; path = libMaxMobSDKV2.0.a; sourceTree = BUILT_PRODUCTS_DIR; };
		161B9D9A1C0ECF8E005FB59B /* MaxMobSDKV2_0.h */ = {isa = PBXFileReference; lastKnownFileType = sourcecode.c.h; path = MaxMobSDKV2_0.h; sourceTree = "<group>"; };
		161B9D9C1C0ECF8E005FB59B /* MaxMobSDKV2_0.m */ = {isa = PBXFileReference; lastKnownFileType = sourcecode.c.objc; path = MaxMobSDKV2_0.m; sourceTree = "<group>"; };
		161B9DA51C0ECFDA005FB59B /* mraid.js */ = {isa = PBXFileReference; lastKnownFileType = sourcecode.javascript; path = mraid.js; sourceTree = "<group>"; };
/* End PBXFileReference section */

/* Begin PBXFrameworksBuildPhase section */
		161B9D941C0ECF8E005FB59B /* Frameworks */ = {
			isa = PBXFrameworksBuildPhase;
			buildActionMask = 2147483647;
			files = (
			);
			runOnlyForDeploymentPostprocessing = 0;
		};
/* End PBXFrameworksBuildPhase section */

/* Begin PBXGroup section */
		161B9D8E1C0ECF8E005FB59B = {
			isa = PBXGroup;
			children = (
				161B9DA51C0ECFDA005FB59B /* mraid.js */,
				161B9D991C0ECF8E005FB59B /* MaxMobSDKV2.0 */,
				161B9D981C0ECF8E005FB59B /* Products */,
			);
			sourceTree = "<group>";
		};
		161B9D981C0ECF8E005FB59B /* Products */ = {
			isa = PBXGroup;
			children = (
				161B9D971C0ECF8E005FB59B /* libMaxMobSDKV2.0.a */,
			);
			name = Products;
			sourceTree = "<group>";
		};
		161B9D991C0ECF8E005FB59B /* MaxMobSDKV2.0 */ = {
			isa = PBXGroup;
			children = (
				161B9D9A1C0ECF8E005FB59B /* MaxMobSDKV2_0.h */,
				161B9D9C1C0ECF8E005FB59B /* MaxMobSDKV2_0.m */,
			);
			path = MaxMobSDKV2.0;
			sourceTree = "<group>";
		};
/* End PBXGroup section */

/* Begin PBXNativeTarget section */
		161B9D961C0ECF8E005FB59B /* MaxMobSDKV2.0 */ = {
			isa = PBXNativeTarget;
			buildConfigurationList = 161B9DA01C0ECF8E005FB59B /* Build configuration list for PBXNativeTarget "MaxMobSDKV2.0" */;
			buildPhases = (
				161B9D931C0ECF8E005FB59B /* Sources */,
				161B9D941C0ECF8E005FB59B /* Frameworks */,
				161B9D951C0ECF8E005FB59B /* CopyFiles */,
			);
			buildRules = (
			);
			dependencies = (
			);
			name = MaxMobSDKV2.0;
			productName = MaxMobSDKV2.0;
			productReference = 161B9D971C0ECF8E005FB59B /* libMaxMobSDKV2.0.a */;
			productType = "com.apple.product-type.library.static";
		};
/* End PBXNativeTarget section */

/* Begin PBXProject section */
		161B9D8F1C0ECF8E005FB59B /* Project object */ = {
			isa = PBXProject;
			attributes = {
				LastUpgradeCheck = 0710;
				ORGANIZATIONNAME = Jacob;
				TargetAttributes = {
					161B9D961C0ECF8E005FB59B = {
						CreatedOnToolsVersion = 7.1.1;
					};
				};
			};
			buildConfigurationList = 161B9D921C0ECF8E005FB59B /* Build configuration list for PBXProject "MaxMobSDKV2.0" */;
			compatibilityVersion = "Xcode 3.2";
			developmentRegion = English;
			hasScannedForEncodings = 0;
			knownRegions = (
				en,
			);
			mainGroup = 161B9D8E1C0ECF8E005FB59B;
			productRefGroup = 161B9D981C0ECF8E005FB59B /* Products */;
			projectDirPath = "";
			projectRoot = "";
			targets = (
				161B9D961C0ECF8E005FB59B /* MaxMobSDKV2.0 */,
			);
		};
/* End PBXProject section */

/* Begin PBXSourcesBuildPhase section */
		161B9D931C0ECF8E005FB59B /* Sources */ = {
			isa = PBXSourcesBuildPhase;
			buildActionMask = 2147483647;
			files = (
				161B9D9D1C0ECF8E005FB59B /* MaxMobSDKV2_0.m in Sources */,
			);
			runOnlyForDeploymentPostprocessing = 0;
		};
/* End PBXSourcesBuildPhase section */

/* Begin XCBuildConfiguration section */
		161B9D9E1C0ECF8E005FB59B /* Debug */ = {
			isa = XCBuildConfiguration;
			buildSettings = {
				ALWAYS_SEARCH_USER_PATHS = NO;
				CLANG_CXX_LANGUAGE_STANDARD = "gnu++0x";
				CLANG_CXX_LIBRARY = "libc++";
				CLANG_ENABLE_MODULES = YES;
				CLANG_ENABLE_OBJC_ARC = YES;
				CLANG_WARN_BOOL_CONVERSION = YES;
				CLANG_WARN_CONSTANT_CONVERSION = YES;
				CLANG_WARN_DIRECT_OBJC_ISA_USAGE = YES_ERROR;
				CLANG_WARN_EMPTY_BODY = YES;
				CLANG_WARN_ENUM_CONVERSION = YES;
				CLANG_WARN_INT_CONVERSION = YES;
				CLANG_WARN_OBJC_ROOT_CLASS = YES_ERROR;
				CLANG_WARN_UNREACHABLE_CODE = YES;
				CLANG_WARN__DUPLICATE_METHOD_MATCH = YES;
				"CODE_SIGN_IDENTITY[sdk=iphoneos*]" = "iPhone Developer";
				COPY_PHASE_STRIP = NO;
				DEBUG_INFORMATION_FORMAT = dwarf;
				ENABLE_STRICT_OBJC_MSGSEND = YES;
				ENABLE_TESTABILITY = YES;
				GCC_C_LANGUAGE_STANDARD = gnu99;
				GCC_DYNAMIC_NO_PIC = NO;
				GCC_NO_COMMON_BLOCKS = YES;
				GCC_OPTIMIZATION_LEVEL = 0;
				GCC_PREPROCESSOR_DEFINITIONS = (
					"DEBUG=1",
					"$(inherited)",
				);
				GCC_WARN_64_TO_32_BIT_CONVERSION = YES;
				GCC_WARN_ABOUT_RETURN_TYPE = YES_ERROR;
				GCC_WARN_UNDECLARED_SELECTOR = YES;
				GCC_WARN_UNINITIALIZED_AUTOS = YES_AGGRESSIVE;
				GCC_WARN_UNUSED_FUNCTION = YES;
				GCC_WARN_UNUSED_VARIABLE = YES;
				IPHONEOS_DEPLOYMENT_TARGET = 9.1;
				MTL_ENABLE_DEBUG_INFO = YES;
				ONLY_ACTIVE_ARCH = YES;
				SDKROOT = iphoneos;
			};
			name = Debug;
		};
		161B9D9F1C0ECF8E005FB59B /* Release */ = {
			isa = XCBuildConfiguration;
			buildSettings = {
				ALWAYS_SEARCH_USER_PATHS = NO;
				CLANG_CXX_LANGUAGE_STANDARD = "gnu++0x";
				CLANG_CXX_LIBRARY = "libc++";
				CLANG_ENABLE_MODULES = YES;
				CLANG_ENABLE_OBJC_ARC = YES;
				CLANG_WARN_BOOL_CONVERSION = YES;
				CLANG_WARN_CONSTANT_CONVERSION = YES;
				CLANG_WARN_DIRECT_OBJC_ISA_USAGE = YES_ERROR;
				CLANG_WARN_EMPTY_BODY = YES;
				CLANG_WARN_ENUM_CONVERSION = YES;
				CLANG_WARN_INT_CONVERSION = YES;
				CLANG_WARN_OBJC_ROOT_CLASS = YES_ERROR;
				CLANG_WARN_UNREACHABLE_CODE = YES;
				CLANG_WARN__DUPLICATE_METHOD_MATCH = YES;
				"CODE_SIGN_IDENTITY[sdk=iphoneos*]" = "iPhone Developer";
				COPY_PHASE_STRIP = NO;
				DEBUG_INFORMATION_FORMAT = "dwarf-with-dsym";
				ENABLE_NS_ASSERTIONS = NO;
				ENABLE_STRICT_OBJC_MSGSEND = YES;
				GCC_C_LANGUAGE_STANDARD = gnu99;
				GCC_NO_COMMON_BLOCKS = YES;
				GCC_WARN_64_TO_32_BIT_CONVERSION = YES;
				GCC_WARN_ABOUT_RETURN_TYPE = YES_ERROR;
				GCC_WARN_UNDECLARED_SELECTOR = YES;
				GCC_WARN_UNINITIALIZED_AUTOS = YES_AGGRESSIVE;
				GCC_WARN_UNUSED_FUNCTION = YES;
				GCC_WARN_UNUSED_VARIABLE = YES;
				IPHONEOS_DEPLOYMENT_TARGET = 9.1;
				MTL_ENABLE_DEBUG_INFO = NO;
				SDKROOT = iphoneos;
				VALIDATE_PRODUCT = YES;
			};
			name = Release;
		};
		161B9DA11C0ECF8E005FB59B /* Debug */ = {
			isa = XCBuildConfiguration;
			buildSettings = {
				OTHER_LDFLAGS = "-ObjC";
				PRODUCT_NAME = "$(TARGET_NAME)";
				SKIP_INSTALL = YES;
			};
			name = Debug;
		};
		161B9DA21C0ECF8E005FB59B /* Release */ = {
			isa = XCBuildConfiguration;
			buildSettings = {
				OTHER_LDFLAGS = "-ObjC";
				PRODUCT_NAME = "$(TARGET_NAME)";
				SKIP_INSTALL = YES;
			};
			name = Release;
		};
/* End XCBuildConfiguration section */

/* Begin XCConfigurationList section */
		161B9D921C0ECF8E005FB59B /* Build configuration list for PBXProject "MaxMobSDKV2.0" */ = {
			isa = XCConfigurationList;
			buildConfigurations = (
				161B9D9E1C0ECF8E005FB59B /* Debug */,
				161B9D9F1C0ECF8E005FB59B /* Release */,
			);
			defaultConfigurationIsVisible = 0;
			defaultConfigurationName = Release;
		};
		161B9DA01C0ECF8E005FB59B /* Build configuration list for PBXNativeTarget "MaxMobSDKV2.0" */ = {
			isa = XCConfigurationList;
			buildConfigurations = (
				161B9DA11C0ECF8E005FB59B /* Debug */,
				161B9DA21C0ECF8E005FB59B /* Release */,
			);
			defaultConfigurationIsVisible = 0;
		};
/* End XCConfigurationList section */
	};
	rootObject = 161B9D8F1C0ECF8E005FB59B /* Project object */;
}
