// !$*UTF8*$!
{
	archiveVersion = 1;
	classes = {
	};
	objectVersion = 46;
	objects = {

/* Begin PBXBuildFile section */
		160893411C22DB6E001DEC22 /* MPTimer.m in Sources */ = {isa = PBXBuildFile; fileRef = 160893401C22DB6E001DEC22 /* MPTimer.m */; };
		161B9D9B1C0ECF8E005FB59B /* MaxMobSDKV2_0.h in CopyFiles */ = {isa = PBXBuildFile; fileRef = 161B9D9A1C0ECF8E005FB59B /* MaxMobSDKV2_0.h */; };
		161B9D9D1C0ECF8E005FB59B /* MaxMobSDKV2_0.m in Sources */ = {isa = PBXBuildFile; fileRef = 161B9D9C1C0ECF8E005FB59B /* MaxMobSDKV2_0.m */; };
		163FF4BF1C180DD3009846F6 /* MMBannerAdViewController.m in Sources */ = {isa = PBXBuildFile; fileRef = 163FF4BE1C180DD3009846F6 /* MMBannerAdViewController.m */; };
		163FF4C21C180EAF009846F6 /* MMAdView.m in Sources */ = {isa = PBXBuildFile; fileRef = 163FF4C11C180EAF009846F6 /* MMAdView.m */; };
		16430FF71C1931AF0067374C /* MMBannerAdManager.m in Sources */ = {isa = PBXBuildFile; fileRef = 16430FF61C1931AF0067374C /* MMBannerAdManager.m */; };
		164310341C1987220067374C /* MMClosableView.m in Sources */ = {isa = PBXBuildFile; fileRef = 164310331C1987220067374C /* MMClosableView.m */; };
		1653BBA51C22A081001271E9 /* MRNativeCommandHandler.m in Sources */ = {isa = PBXBuildFile; fileRef = 1653BBA41C22A081001271E9 /* MRNativeCommandHandler.m */; };
		1653BBA81C22A57B001271E9 /* MPGlobal.m in Sources */ = {isa = PBXBuildFile; fileRef = 1653BBA71C22A57B001271E9 /* MPGlobal.m */; };
		1653BBA91C22A9A3001271E9 /* libMaxMobSDKV2.0.a in Frameworks */ = {isa = PBXBuildFile; fileRef = 161B9D971C0ECF8E005FB59B /* libMaxMobSDKV2.0.a */; };
		165520931C225E0D00ACE63E /* NSURL+MPAdditions.m in Sources */ = {isa = PBXBuildFile; fileRef = 165520921C225E0D00ACE63E /* NSURL+MPAdditions.m */; };
		165771881C23E23500E9F7FD /* EventKit.framework in Frameworks */ = {isa = PBXBuildFile; fileRef = 165771871C23E23500E9F7FD /* EventKit.framework */; };
		1657718D1C25406E00E9F7FD /* MMInstanceProvider.m in Sources */ = {isa = PBXBuildFile; fileRef = 1657718C1C25406E00E9F7FD /* MMInstanceProvider.m */; };
		1658CFE31C10316C00C4259F /* MRBundleManager.m in Sources */ = {isa = PBXBuildFile; fileRef = 1658CFE21C10316C00C4259F /* MRBundleManager.m */; };
		166765E81C1147D2002549EB /* MRBridge.m in Sources */ = {isa = PBXBuildFile; fileRef = 166765E71C1147D2002549EB /* MRBridge.m */; };
		166765EB1C114805002549EB /* MRController.m in Sources */ = {isa = PBXBuildFile; fileRef = 166765EA1C114805002549EB /* MRController.m */; };
		166765EE1C114825002549EB /* MRCommand.m in Sources */ = {isa = PBXBuildFile; fileRef = 166765ED1C114825002549EB /* MRCommand.m */; };
		166765F11C114893002549EB /* MRConstants.m in Sources */ = {isa = PBXBuildFile; fileRef = 166765F01C114893002549EB /* MRConstants.m */; };
		1668A52F1C216A40005C7AA8 /* UIWebView+MMAdditions.m in Sources */ = {isa = PBXBuildFile; fileRef = 1668A52E1C216A40005C7AA8 /* UIWebView+MMAdditions.m */; };
		16C6DEE21C156E9E00BA5507 /* MRProperty.m in Sources */ = {isa = PBXBuildFile; fileRef = 16C6DEE11C156E9E00BA5507 /* MRProperty.m */; };
		16C6DEE61C159B5D00BA5507 /* MMAdConfiguration.m in Sources */ = {isa = PBXBuildFile; fileRef = 16C6DEE51C159B5D00BA5507 /* MMAdConfiguration.m */; };
		16C6DEE91C16D88400BA5507 /* MMAdServerCommunicator.m in Sources */ = {isa = PBXBuildFile; fileRef = 16C6DEE81C16D88400BA5507 /* MMAdServerCommunicator.m */; };
		16CCBCD01C1EDF0C00A95A6F /* MRAID.bundle in Resources */ = {isa = PBXBuildFile; fileRef = 161B9DA61C0EDD36005FB59B /* MRAID.bundle */; };
		F4EBE3D61C19BB750004D12E /* main.m in Sources */ = {isa = PBXBuildFile; fileRef = F4EBE3D51C19BB750004D12E /* main.m */; };
		F4EBE3D91C19BB750004D12E /* AppDelegate.m in Sources */ = {isa = PBXBuildFile; fileRef = F4EBE3D81C19BB750004D12E /* AppDelegate.m */; };
		F4EBE3DC1C19BB750004D12E /* ViewController.m in Sources */ = {isa = PBXBuildFile; fileRef = F4EBE3DB1C19BB750004D12E /* ViewController.m */; };
		F4EBE3DF1C19BB750004D12E /* Main.storyboard in Resources */ = {isa = PBXBuildFile; fileRef = F4EBE3DD1C19BB750004D12E /* Main.storyboard */; };
		F4EBE3E11C19BB750004D12E /* Assets.xcassets in Resources */ = {isa = PBXBuildFile; fileRef = F4EBE3E01C19BB750004D12E /* Assets.xcassets */; };
		F4EBE3E41C19BB750004D12E /* LaunchScreen.storyboard in Resources */ = {isa = PBXBuildFile; fileRef = F4EBE3E21C19BB750004D12E /* LaunchScreen.storyboard */; };
		F4EBE3EF1C19BB750004D12E /* testAdTests.m in Sources */ = {isa = PBXBuildFile; fileRef = F4EBE3EE1C19BB750004D12E /* testAdTests.m */; };
		F4EBE3FA1C19BB750004D12E /* testAdUITests.m in Sources */ = {isa = PBXBuildFile; fileRef = F4EBE3F91C19BB750004D12E /* testAdUITests.m */; };
/* End PBXBuildFile section */

/* Begin PBXContainerItemProxy section */
		F4EBE3EB1C19BB750004D12E /* PBXContainerItemProxy */ = {
			isa = PBXContainerItemProxy;
			containerPortal = 161B9D8F1C0ECF8E005FB59B /* Project object */;
			proxyType = 1;
			remoteGlobalIDString = F4EBE3D11C19BB740004D12E;
			remoteInfo = testAd;
		};
		F4EBE3F61C19BB750004D12E /* PBXContainerItemProxy */ = {
			isa = PBXContainerItemProxy;
			containerPortal = 161B9D8F1C0ECF8E005FB59B /* Project object */;
			proxyType = 1;
			remoteGlobalIDString = F4EBE3D11C19BB740004D12E;
			remoteInfo = testAd;
		};
/* End PBXContainerItemProxy section */

/* Begin PBXCopyFilesBuildPhase section */
		161B9D951C0ECF8E005FB59B /* CopyFiles */ = {
			isa = PBXCopyFilesBuildPhase;
			buildActionMask = 2147483647;
			dstPath = "include/$(PRODUCT_NAME)";
			dstSubfolderSpec = 16;
			files = (
				161B9D9B1C0ECF8E005FB59B /* MaxMobSDKV2_0.h in CopyFiles */,
			);
			runOnlyForDeploymentPostprocessing = 0;
		};
/* End PBXCopyFilesBuildPhase section */

/* Begin PBXFileReference section */
		1608933F1C22DB6E001DEC22 /* MPTimer.h */ = {isa = PBXFileReference; fileEncoding = 4; lastKnownFileType = sourcecode.c.h; path = MPTimer.h; sourceTree = "<group>"; };
		160893401C22DB6E001DEC22 /* MPTimer.m */ = {isa = PBXFileReference; fileEncoding = 4; lastKnownFileType = sourcecode.c.objc; path = MPTimer.m; sourceTree = "<group>"; };
		161B9D971C0ECF8E005FB59B /* libMaxMobSDKV2.0.a */ = {isa = PBXFileReference; explicitFileType = archive.ar; includeInIndex = 0; path = libMaxMobSDKV2.0.a; sourceTree = BUILT_PRODUCTS_DIR; };
		161B9D9A1C0ECF8E005FB59B /* MaxMobSDKV2_0.h */ = {isa = PBXFileReference; lastKnownFileType = sourcecode.c.h; path = MaxMobSDKV2_0.h; sourceTree = "<group>"; };
		161B9D9C1C0ECF8E005FB59B /* MaxMobSDKV2_0.m */ = {isa = PBXFileReference; lastKnownFileType = sourcecode.c.objc; path = MaxMobSDKV2_0.m; sourceTree = "<group>"; };
		161B9DA61C0EDD36005FB59B /* MRAID.bundle */ = {isa = PBXFileReference; lastKnownFileType = "wrapper.plug-in"; path = MRAID.bundle; sourceTree = "<group>"; };
		163FF4BD1C180DD3009846F6 /* MMBannerAdViewController.h */ = {isa = PBXFileReference; fileEncoding = 4; lastKnownFileType = sourcecode.c.h; path = MMBannerAdViewController.h; sourceTree = "<group>"; };
		163FF4BE1C180DD3009846F6 /* MMBannerAdViewController.m */ = {isa = PBXFileReference; fileEncoding = 4; lastKnownFileType = sourcecode.c.objc; path = MMBannerAdViewController.m; sourceTree = "<group>"; };
		163FF4C01C180EAF009846F6 /* MMAdView.h */ = {isa = PBXFileReference; fileEncoding = 4; lastKnownFileType = sourcecode.c.h; path = MMAdView.h; sourceTree = "<group>"; };
		163FF4C11C180EAF009846F6 /* MMAdView.m */ = {isa = PBXFileReference; fileEncoding = 4; lastKnownFileType = sourcecode.c.objc; path = MMAdView.m; sourceTree = "<group>"; };
		16430FF51C1931AF0067374C /* MMBannerAdManager.h */ = {isa = PBXFileReference; fileEncoding = 4; lastKnownFileType = sourcecode.c.h; path = MMBannerAdManager.h; sourceTree = "<group>"; };
		16430FF61C1931AF0067374C /* MMBannerAdManager.m */ = {isa = PBXFileReference; fileEncoding = 4; lastKnownFileType = sourcecode.c.objc; path = MMBannerAdManager.m; sourceTree = "<group>"; };
		16430FF81C1931CB0067374C /* MMBannerAdManagerDelegate.h */ = {isa = PBXFileReference; fileEncoding = 4; lastKnownFileType = sourcecode.c.h; path = MMBannerAdManagerDelegate.h; sourceTree = "<group>"; };
		164310321C1987220067374C /* MMClosableView.h */ = {isa = PBXFileReference; fileEncoding = 4; lastKnownFileType = sourcecode.c.h; path = MMClosableView.h; sourceTree = "<group>"; };
		164310331C1987220067374C /* MMClosableView.m */ = {isa = PBXFileReference; fileEncoding = 4; lastKnownFileType = sourcecode.c.objc; path = MMClosableView.m; sourceTree = "<group>"; };
		1653BBA31C22A081001271E9 /* MRNativeCommandHandler.h */ = {isa = PBXFileReference; fileEncoding = 4; lastKnownFileType = sourcecode.c.h; path = MRNativeCommandHandler.h; sourceTree = "<group>"; };
		1653BBA41C22A081001271E9 /* MRNativeCommandHandler.m */ = {isa = PBXFileReference; fileEncoding = 4; lastKnownFileType = sourcecode.c.objc; path = MRNativeCommandHandler.m; sourceTree = "<group>"; };
		1653BBA61C22A57B001271E9 /* MPGlobal.h */ = {isa = PBXFileReference; fileEncoding = 4; lastKnownFileType = sourcecode.c.h; path = MPGlobal.h; sourceTree = "<group>"; };
		1653BBA71C22A57B001271E9 /* MPGlobal.m */ = {isa = PBXFileReference; fileEncoding = 4; lastKnownFileType = sourcecode.c.objc; path = MPGlobal.m; sourceTree = "<group>"; };
		165520911C225E0D00ACE63E /* NSURL+MPAdditions.h */ = {isa = PBXFileReference; fileEncoding = 4; lastKnownFileType = sourcecode.c.h; path = "NSURL+MPAdditions.h"; sourceTree = "<group>"; };
		165520921C225E0D00ACE63E /* NSURL+MPAdditions.m */ = {isa = PBXFileReference; fileEncoding = 4; lastKnownFileType = sourcecode.c.objc; path = "NSURL+MPAdditions.m"; sourceTree = "<group>"; };
		165771871C23E23500E9F7FD /* EventKit.framework */ = {isa = PBXFileReference; lastKnownFileType = wrapper.framework; name = EventKit.framework; path = System/Library/Frameworks/EventKit.framework; sourceTree = SDKROOT; };
		1657718B1C25406E00E9F7FD /* MMInstanceProvider.h */ = {isa = PBXFileReference; fileEncoding = 4; lastKnownFileType = sourcecode.c.h; path = MMInstanceProvider.h; sourceTree = "<group>"; };
		1657718C1C25406E00E9F7FD /* MMInstanceProvider.m */ = {isa = PBXFileReference; fileEncoding = 4; lastKnownFileType = sourcecode.c.objc; path = MMInstanceProvider.m; sourceTree = "<group>"; };
		1658CFE11C10316C00C4259F /* MRBundleManager.h */ = {isa = PBXFileReference; fileEncoding = 4; lastKnownFileType = sourcecode.c.h; path = MRBundleManager.h; sourceTree = "<group>"; };
		1658CFE21C10316C00C4259F /* MRBundleManager.m */ = {isa = PBXFileReference; fileEncoding = 4; lastKnownFileType = sourcecode.c.objc; path = MRBundleManager.m; sourceTree = "<group>"; };
		166765E61C1147D2002549EB /* MRBridge.h */ = {isa = PBXFileReference; fileEncoding = 4; lastKnownFileType = sourcecode.c.h; path = MRBridge.h; sourceTree = "<group>"; };
		166765E71C1147D2002549EB /* MRBridge.m */ = {isa = PBXFileReference; fileEncoding = 4; lastKnownFileType = sourcecode.c.objc; path = MRBridge.m; sourceTree = "<group>"; };
		166765E91C114805002549EB /* MRController.h */ = {isa = PBXFileReference; fileEncoding = 4; lastKnownFileType = sourcecode.c.h; path = MRController.h; sourceTree = "<group>"; };
		166765EA1C114805002549EB /* MRController.m */ = {isa = PBXFileReference; fileEncoding = 4; lastKnownFileType = sourcecode.c.objc; path = MRController.m; sourceTree = "<group>"; };
		166765EC1C114825002549EB /* MRCommand.h */ = {isa = PBXFileReference; fileEncoding = 4; lastKnownFileType = sourcecode.c.h; path = MRCommand.h; sourceTree = "<group>"; };
		166765ED1C114825002549EB /* MRCommand.m */ = {isa = PBXFileReference; fileEncoding = 4; lastKnownFileType = sourcecode.c.objc; path = MRCommand.m; sourceTree = "<group>"; };
		166765EF1C114893002549EB /* MRConstants.h */ = {isa = PBXFileReference; fileEncoding = 4; lastKnownFileType = sourcecode.c.h; path = MRConstants.h; sourceTree = "<group>"; };
		166765F01C114893002549EB /* MRConstants.m */ = {isa = PBXFileReference; fileEncoding = 4; lastKnownFileType = sourcecode.c.objc; path = MRConstants.m; sourceTree = "<group>"; };
		1668A52D1C216A40005C7AA8 /* UIWebView+MMAdditions.h */ = {isa = PBXFileReference; fileEncoding = 4; lastKnownFileType = sourcecode.c.h; path = "UIWebView+MMAdditions.h"; sourceTree = "<group>"; };
		1668A52E1C216A40005C7AA8 /* UIWebView+MMAdditions.m */ = {isa = PBXFileReference; fileEncoding = 4; lastKnownFileType = sourcecode.c.objc; path = "UIWebView+MMAdditions.m"; sourceTree = "<group>"; };
		16C6DEE01C156E9E00BA5507 /* MRProperty.h */ = {isa = PBXFileReference; fileEncoding = 4; lastKnownFileType = sourcecode.c.h; path = MRProperty.h; sourceTree = "<group>"; };
		16C6DEE11C156E9E00BA5507 /* MRProperty.m */ = {isa = PBXFileReference; fileEncoding = 4; lastKnownFileType = sourcecode.c.objc; path = MRProperty.m; sourceTree = "<group>"; };
		16C6DEE41C159B5D00BA5507 /* MMAdConfiguration.h */ = {isa = PBXFileReference; fileEncoding = 4; lastKnownFileType = sourcecode.c.h; path = MMAdConfiguration.h; sourceTree = "<group>"; };
		16C6DEE51C159B5D00BA5507 /* MMAdConfiguration.m */ = {isa = PBXFileReference; fileEncoding = 4; lastKnownFileType = sourcecode.c.objc; path = MMAdConfiguration.m; sourceTree = "<group>"; };
		16C6DEE71C16D88400BA5507 /* MMAdServerCommunicator.h */ = {isa = PBXFileReference; fileEncoding = 4; lastKnownFileType = sourcecode.c.h; path = MMAdServerCommunicator.h; sourceTree = "<group>"; };
		16C6DEE81C16D88400BA5507 /* MMAdServerCommunicator.m */ = {isa = PBXFileReference; fileEncoding = 4; lastKnownFileType = sourcecode.c.objc; path = MMAdServerCommunicator.m; sourceTree = "<group>"; };
		F4EBE3D21C19BB740004D12E /* testAd.app */ = {isa = PBXFileReference; explicitFileType = wrapper.application; includeInIndex = 0; path = testAd.app; sourceTree = BUILT_PRODUCTS_DIR; };
		F4EBE3D51C19BB750004D12E /* main.m */ = {isa = PBXFileReference; lastKnownFileType = sourcecode.c.objc; path = main.m; sourceTree = "<group>"; };
		F4EBE3D71C19BB750004D12E /* AppDelegate.h */ = {isa = PBXFileReference; lastKnownFileType = sourcecode.c.h; path = AppDelegate.h; sourceTree = "<group>"; };
		F4EBE3D81C19BB750004D12E /* AppDelegate.m */ = {isa = PBXFileReference; lastKnownFileType = sourcecode.c.objc; path = AppDelegate.m; sourceTree = "<group>"; };
		F4EBE3DA1C19BB750004D12E /* ViewController.h */ = {isa = PBXFileReference; lastKnownFileType = sourcecode.c.h; path = ViewController.h; sourceTree = "<group>"; };
		F4EBE3DB1C19BB750004D12E /* ViewController.m */ = {isa = PBXFileReference; lastKnownFileType = sourcecode.c.objc; path = ViewController.m; sourceTree = "<group>"; };
		F4EBE3DE1C19BB750004D12E /* Base */ = {isa = PBXFileReference; lastKnownFileType = file.storyboard; name = Base; path = Base.lproj/Main.storyboard; sourceTree = "<group>"; };
		F4EBE3E01C19BB750004D12E /* Assets.xcassets */ = {isa = PBXFileReference; lastKnownFileType = folder.assetcatalog; path = Assets.xcassets; sourceTree = "<group>"; };
		F4EBE3E31C19BB750004D12E /* Base */ = {isa = PBXFileReference; lastKnownFileType = file.storyboard; name = Base; path = Base.lproj/LaunchScreen.storyboard; sourceTree = "<group>"; };
		F4EBE3E51C19BB750004D12E /* Info.plist */ = {isa = PBXFileReference; lastKnownFileType = text.plist.xml; path = Info.plist; sourceTree = "<group>"; };
		F4EBE3EA1C19BB750004D12E /* testAdTests.xctest */ = {isa = PBXFileReference; explicitFileType = wrapper.cfbundle; includeInIndex = 0; path = testAdTests.xctest; sourceTree = BUILT_PRODUCTS_DIR; };
		F4EBE3EE1C19BB750004D12E /* testAdTests.m */ = {isa = PBXFileReference; lastKnownFileType = sourcecode.c.objc; path = testAdTests.m; sourceTree = "<group>"; };
		F4EBE3F01C19BB750004D12E /* Info.plist */ = {isa = PBXFileReference; lastKnownFileType = text.plist.xml; path = Info.plist; sourceTree = "<group>"; };
		F4EBE3F51C19BB750004D12E /* testAdUITests.xctest */ = {isa = PBXFileReference; explicitFileType = wrapper.cfbundle; includeInIndex = 0; path = testAdUITests.xctest; sourceTree = BUILT_PRODUCTS_DIR; };
		F4EBE3F91C19BB750004D12E /* testAdUITests.m */ = {isa = PBXFileReference; lastKnownFileType = sourcecode.c.objc; path = testAdUITests.m; sourceTree = "<group>"; };
		F4EBE3FB1C19BB750004D12E /* Info.plist */ = {isa = PBXFileReference; lastKnownFileType = text.plist.xml; path = Info.plist; sourceTree = "<group>"; };
/* End PBXFileReference section */

/* Begin PBXFrameworksBuildPhase section */
		161B9D941C0ECF8E005FB59B /* Frameworks */ = {
			isa = PBXFrameworksBuildPhase;
			buildActionMask = 2147483647;
			files = (
			);
			runOnlyForDeploymentPostprocessing = 0;
		};
		F4EBE3CF1C19BB740004D12E /* Frameworks */ = {
			isa = PBXFrameworksBuildPhase;
			buildActionMask = 2147483647;
			files = (
				165771881C23E23500E9F7FD /* EventKit.framework in Frameworks */,
				1653BBA91C22A9A3001271E9 /* libMaxMobSDKV2.0.a in Frameworks */,
			);
			runOnlyForDeploymentPostprocessing = 0;
		};
		F4EBE3E71C19BB750004D12E /* Frameworks */ = {
			isa = PBXFrameworksBuildPhase;
			buildActionMask = 2147483647;
			files = (
			);
			runOnlyForDeploymentPostprocessing = 0;
		};
		F4EBE3F21C19BB750004D12E /* Frameworks */ = {
			isa = PBXFrameworksBuildPhase;
			buildActionMask = 2147483647;
			files = (
			);
			runOnlyForDeploymentPostprocessing = 0;
		};
/* End PBXFrameworksBuildPhase section */

/* Begin PBXGroup section */
		161B9D8E1C0ECF8E005FB59B = {
			isa = PBXGroup;
			children = (
				165771871C23E23500E9F7FD /* EventKit.framework */,
				161B9DA61C0EDD36005FB59B /* MRAID.bundle */,
				161B9D991C0ECF8E005FB59B /* MaxMobSDKV2.0 */,
				F4EBE3D31C19BB750004D12E /* testAd */,
				F4EBE3ED1C19BB750004D12E /* testAdTests */,
				F4EBE3F81C19BB750004D12E /* testAdUITests */,
				161B9D981C0ECF8E005FB59B /* Products */,
			);
			sourceTree = "<group>";
		};
		161B9D981C0ECF8E005FB59B /* Products */ = {
			isa = PBXGroup;
			children = (
				161B9D971C0ECF8E005FB59B /* libMaxMobSDKV2.0.a */,
				F4EBE3D21C19BB740004D12E /* testAd.app */,
				F4EBE3EA1C19BB750004D12E /* testAdTests.xctest */,
				F4EBE3F51C19BB750004D12E /* testAdUITests.xctest */,
			);
			name = Products;
			sourceTree = "<group>";
		};
		161B9D991C0ECF8E005FB59B /* MaxMobSDKV2.0 */ = {
			isa = PBXGroup;
			children = (
				16430FF31C192FC30067374C /* Banner */,
				16C6DEEB1C16F24100BA5507 /* Public */,
				16C6DEEA1C16F23100BA5507 /* Common */,
				16C6DEE31C157BE200BA5507 /* MRAID */,
			);
			path = MaxMobSDKV2.0;
			sourceTree = "<group>";
		};
		16430FF31C192FC30067374C /* Banner */ = {
			isa = PBXGroup;
			children = (
				16430FF51C1931AF0067374C /* MMBannerAdManager.h */,
				16430FF61C1931AF0067374C /* MMBannerAdManager.m */,
				16430FF81C1931CB0067374C /* MMBannerAdManagerDelegate.h */,
			);
			name = Banner;
			sourceTree = "<group>";
		};
		16C6DEE31C157BE200BA5507 /* MRAID */ = {
			isa = PBXGroup;
			children = (
				165520911C225E0D00ACE63E /* NSURL+MPAdditions.h */,
				165520921C225E0D00ACE63E /* NSURL+MPAdditions.m */,
				1668A52D1C216A40005C7AA8 /* UIWebView+MMAdditions.h */,
				1668A52E1C216A40005C7AA8 /* UIWebView+MMAdditions.m */,
				161B9D9A1C0ECF8E005FB59B /* MaxMobSDKV2_0.h */,
				161B9D9C1C0ECF8E005FB59B /* MaxMobSDKV2_0.m */,
				1658CFE11C10316C00C4259F /* MRBundleManager.h */,
				1658CFE21C10316C00C4259F /* MRBundleManager.m */,
				166765E61C1147D2002549EB /* MRBridge.h */,
				166765E71C1147D2002549EB /* MRBridge.m */,
				166765E91C114805002549EB /* MRController.h */,
				166765EA1C114805002549EB /* MRController.m */,
				1653BBA31C22A081001271E9 /* MRNativeCommandHandler.h */,
				1653BBA41C22A081001271E9 /* MRNativeCommandHandler.m */,
				166765EC1C114825002549EB /* MRCommand.h */,
				166765ED1C114825002549EB /* MRCommand.m */,
				166765EF1C114893002549EB /* MRConstants.h */,
				166765F01C114893002549EB /* MRConstants.m */,
				16C6DEE01C156E9E00BA5507 /* MRProperty.h */,
				16C6DEE11C156E9E00BA5507 /* MRProperty.m */,
			);
			name = MRAID;
			sourceTree = "<group>";
		};
		16C6DEEA1C16F23100BA5507 /* Common */ = {
			isa = PBXGroup;
			children = (
				1608933F1C22DB6E001DEC22 /* MPTimer.h */,
				160893401C22DB6E001DEC22 /* MPTimer.m */,
				1653BBA61C22A57B001271E9 /* MPGlobal.h */,
				1653BBA71C22A57B001271E9 /* MPGlobal.m */,
				16C6DEE41C159B5D00BA5507 /* MMAdConfiguration.h */,
				16C6DEE51C159B5D00BA5507 /* MMAdConfiguration.m */,
				164310321C1987220067374C /* MMClosableView.h */,
				164310331C1987220067374C /* MMClosableView.m */,
				16C6DEE71C16D88400BA5507 /* MMAdServerCommunicator.h */,
				16C6DEE81C16D88400BA5507 /* MMAdServerCommunicator.m */,
				1657718B1C25406E00E9F7FD /* MMInstanceProvider.h */,
				1657718C1C25406E00E9F7FD /* MMInstanceProvider.m */,
			);
			name = Common;
			sourceTree = "<group>";
		};
		16C6DEEB1C16F24100BA5507 /* Public */ = {
			isa = PBXGroup;
			children = (
				163FF4BD1C180DD3009846F6 /* MMBannerAdViewController.h */,
				163FF4BE1C180DD3009846F6 /* MMBannerAdViewController.m */,
				163FF4C01C180EAF009846F6 /* MMAdView.h */,
				163FF4C11C180EAF009846F6 /* MMAdView.m */,
			);
			name = Public;
			sourceTree = "<group>";
		};
		F4EBE3D31C19BB750004D12E /* testAd */ = {
			isa = PBXGroup;
			children = (
				F4EBE3D71C19BB750004D12E /* AppDelegate.h */,
				F4EBE3D81C19BB750004D12E /* AppDelegate.m */,
				F4EBE3DA1C19BB750004D12E /* ViewController.h */,
				F4EBE3DB1C19BB750004D12E /* ViewController.m */,
				F4EBE3DD1C19BB750004D12E /* Main.storyboard */,
				F4EBE3E01C19BB750004D12E /* Assets.xcassets */,
				F4EBE3E21C19BB750004D12E /* LaunchScreen.storyboard */,
				F4EBE3E51C19BB750004D12E /* Info.plist */,
				F4EBE3D41C19BB750004D12E /* Supporting Files */,
			);
			path = testAd;
			sourceTree = "<group>";
		};
		F4EBE3D41C19BB750004D12E /* Supporting Files */ = {
			isa = PBXGroup;
			children = (
				F4EBE3D51C19BB750004D12E /* main.m */,
			);
			name = "Supporting Files";
			sourceTree = "<group>";
		};
		F4EBE3ED1C19BB750004D12E /* testAdTests */ = {
			isa = PBXGroup;
			children = (
				F4EBE3EE1C19BB750004D12E /* testAdTests.m */,
				F4EBE3F01C19BB750004D12E /* Info.plist */,
			);
			path = testAdTests;
			sourceTree = "<group>";
		};
		F4EBE3F81C19BB750004D12E /* testAdUITests */ = {
			isa = PBXGroup;
			children = (
				F4EBE3F91C19BB750004D12E /* testAdUITests.m */,
				F4EBE3FB1C19BB750004D12E /* Info.plist */,
			);
			path = testAdUITests;
			sourceTree = "<group>";
		};
/* End PBXGroup section */

/* Begin PBXNativeTarget section */
		161B9D961C0ECF8E005FB59B /* MaxMobSDKV2.0 */ = {
			isa = PBXNativeTarget;
			buildConfigurationList = 161B9DA01C0ECF8E005FB59B /* Build configuration list for PBXNativeTarget "MaxMobSDKV2.0" */;
			buildPhases = (
				161B9D931C0ECF8E005FB59B /* Sources */,
				161B9D941C0ECF8E005FB59B /* Frameworks */,
				161B9D951C0ECF8E005FB59B /* CopyFiles */,
			);
			buildRules = (
			);
			dependencies = (
			);
			name = MaxMobSDKV2.0;
			productName = MaxMobSDKV2.0;
			productReference = 161B9D971C0ECF8E005FB59B /* libMaxMobSDKV2.0.a */;
			productType = "com.apple.product-type.library.static";
		};
		F4EBE3D11C19BB740004D12E /* testAd */ = {
			isa = PBXNativeTarget;
			buildConfigurationList = F4EBE3FC1C19BB750004D12E /* Build configuration list for PBXNativeTarget "testAd" */;
			buildPhases = (
				F4EBE3CE1C19BB740004D12E /* Sources */,
				F4EBE3CF1C19BB740004D12E /* Frameworks */,
				F4EBE3D01C19BB740004D12E /* Resources */,
			);
			buildRules = (
			);
			dependencies = (
			);
			name = testAd;
			productName = testAd;
			productReference = F4EBE3D21C19BB740004D12E /* testAd.app */;
			productType = "com.apple.product-type.application";
		};
		F4EBE3E91C19BB750004D12E /* testAdTests */ = {
			isa = PBXNativeTarget;
			buildConfigurationList = F4EBE3FF1C19BB750004D12E /* Build configuration list for PBXNativeTarget "testAdTests" */;
			buildPhases = (
				F4EBE3E61C19BB750004D12E /* Sources */,
				F4EBE3E71C19BB750004D12E /* Frameworks */,
				F4EBE3E81C19BB750004D12E /* Resources */,
			);
			buildRules = (
			);
			dependencies = (
				F4EBE3EC1C19BB750004D12E /* PBXTargetDependency */,
			);
			name = testAdTests;
			productName = testAdTests;
			productReference = F4EBE3EA1C19BB750004D12E /* testAdTests.xctest */;
			productType = "com.apple.product-type.bundle.unit-test";
		};
		F4EBE3F41C19BB750004D12E /* testAdUITests */ = {
			isa = PBXNativeTarget;
			buildConfigurationList = F4EBE4021C19BB750004D12E /* Build configuration list for PBXNativeTarget "testAdUITests" */;
			buildPhases = (
				F4EBE3F11C19BB750004D12E /* Sources */,
				F4EBE3F21C19BB750004D12E /* Frameworks */,
				F4EBE3F31C19BB750004D12E /* Resources */,
			);
			buildRules = (
			);
			dependencies = (
				F4EBE3F71C19BB750004D12E /* PBXTargetDependency */,
			);
			name = testAdUITests;
			productName = testAdUITests;
			productReference = F4EBE3F51C19BB750004D12E /* testAdUITests.xctest */;
			productType = "com.apple.product-type.bundle.ui-testing";
		};
/* End PBXNativeTarget section */

/* Begin PBXProject section */
		161B9D8F1C0ECF8E005FB59B /* Project object */ = {
			isa = PBXProject;
			attributes = {
				LastUpgradeCheck = 0710;
				ORGANIZATIONNAME = Jacob;
				TargetAttributes = {
					161B9D961C0ECF8E005FB59B = {
						CreatedOnToolsVersion = 7.1.1;
					};
					F4EBE3D11C19BB740004D12E = {
						CreatedOnToolsVersion = 7.1;
					};
					F4EBE3E91C19BB750004D12E = {
						CreatedOnToolsVersion = 7.1;
						TestTargetID = F4EBE3D11C19BB740004D12E;
					};
					F4EBE3F41C19BB750004D12E = {
						CreatedOnToolsVersion = 7.1;
						TestTargetID = F4EBE3D11C19BB740004D12E;
					};
				};
			};
			buildConfigurationList = 161B9D921C0ECF8E005FB59B /* Build configuration list for PBXProject "MaxMobSDKV2.0" */;
			compatibilityVersion = "Xcode 3.2";
			developmentRegion = English;
			hasScannedForEncodings = 0;
			knownRegions = (
				en,
				Base,
			);
			mainGroup = 161B9D8E1C0ECF8E005FB59B;
			productRefGroup = 161B9D981C0ECF8E005FB59B /* Products */;
			projectDirPath = "";
			projectRoot = "";
			targets = (
				161B9D961C0ECF8E005FB59B /* MaxMobSDKV2.0 */,
				F4EBE3D11C19BB740004D12E /* testAd */,
				F4EBE3E91C19BB750004D12E /* testAdTests */,
				F4EBE3F41C19BB750004D12E /* testAdUITests */,
			);
		};
/* End PBXProject section */

/* Begin PBXResourcesBuildPhase section */
		F4EBE3D01C19BB740004D12E /* Resources */ = {
			isa = PBXResourcesBuildPhase;
			buildActionMask = 2147483647;
			files = (
				F4EBE3E41C19BB750004D12E /* LaunchScreen.storyboard in Resources */,
				16CCBCD01C1EDF0C00A95A6F /* MRAID.bundle in Resources */,
				F4EBE3E11C19BB750004D12E /* Assets.xcassets in Resources */,
				F4EBE3DF1C19BB750004D12E /* Main.storyboard in Resources */,
			);
			runOnlyForDeploymentPostprocessing = 0;
		};
		F4EBE3E81C19BB750004D12E /* Resources */ = {
			isa = PBXResourcesBuildPhase;
			buildActionMask = 2147483647;
			files = (
			);
			runOnlyForDeploymentPostprocessing = 0;
		};
		F4EBE3F31C19BB750004D12E /* Resources */ = {
			isa = PBXResourcesBuildPhase;
			buildActionMask = 2147483647;
			files = (
			);
			runOnlyForDeploymentPostprocessing = 0;
		};
/* End PBXResourcesBuildPhase section */

/* Begin PBXSourcesBuildPhase section */
		161B9D931C0ECF8E005FB59B /* Sources */ = {
			isa = PBXSourcesBuildPhase;
			buildActionMask = 2147483647;
			files = (
				1653BBA81C22A57B001271E9 /* MPGlobal.m in Sources */,
				166765EB1C114805002549EB /* MRController.m in Sources */,
				166765E81C1147D2002549EB /* MRBridge.m in Sources */,
				16430FF71C1931AF0067374C /* MMBannerAdManager.m in Sources */,
				161B9D9D1C0ECF8E005FB59B /* MaxMobSDKV2_0.m in Sources */,
				163FF4C21C180EAF009846F6 /* MMAdView.m in Sources */,
				163FF4BF1C180DD3009846F6 /* MMBannerAdViewController.m in Sources */,
				1653BBA51C22A081001271E9 /* MRNativeCommandHandler.m in Sources */,
				16C6DEE21C156E9E00BA5507 /* MRProperty.m in Sources */,
				1658CFE31C10316C00C4259F /* MRBundleManager.m in Sources */,
				1668A52F1C216A40005C7AA8 /* UIWebView+MMAdditions.m in Sources */,
				16C6DEE91C16D88400BA5507 /* MMAdServerCommunicator.m in Sources */,
				165520931C225E0D00ACE63E /* NSURL+MPAdditions.m in Sources */,
				16C6DEE61C159B5D00BA5507 /* MMAdConfiguration.m in Sources */,
				166765F11C114893002549EB /* MRConstants.m in Sources */,
				164310341C1987220067374C /* MMClosableView.m in Sources */,
				160893411C22DB6E001DEC22 /* MPTimer.m in Sources */,
				166765EE1C114825002549EB /* MRCommand.m in Sources */,
				1657718D1C25406E00E9F7FD /* MMInstanceProvider.m in Sources */,
			);
			runOnlyForDeploymentPostprocessing = 0;
		};
		F4EBE3CE1C19BB740004D12E /* Sources */ = {
			isa = PBXSourcesBuildPhase;
			buildActionMask = 2147483647;
			files = (
				F4EBE3DC1C19BB750004D12E /* ViewController.m in Sources */,
				F4EBE3D91C19BB750004D12E /* AppDelegate.m in Sources */,
				F4EBE3D61C19BB750004D12E /* main.m in Sources */,
			);
			runOnlyForDeploymentPostprocessing = 0;
		};
		F4EBE3E61C19BB750004D12E /* Sources */ = {
			isa = PBXSourcesBuildPhase;
			buildActionMask = 2147483647;
			files = (
				F4EBE3EF1C19BB750004D12E /* testAdTests.m in Sources */,
			);
			runOnlyForDeploymentPostprocessing = 0;
		};
		F4EBE3F11C19BB750004D12E /* Sources */ = {
			isa = PBXSourcesBuildPhase;
			buildActionMask = 2147483647;
			files = (
				F4EBE3FA1C19BB750004D12E /* testAdUITests.m in Sources */,
			);
			runOnlyForDeploymentPostprocessing = 0;
		};
/* End PBXSourcesBuildPhase section */

/* Begin PBXTargetDependency section */
		F4EBE3EC1C19BB750004D12E /* PBXTargetDependency */ = {
			isa = PBXTargetDependency;
			target = F4EBE3D11C19BB740004D12E /* testAd */;
			targetProxy = F4EBE3EB1C19BB750004D12E /* PBXContainerItemProxy */;
		};
		F4EBE3F71C19BB750004D12E /* PBXTargetDependency */ = {
			isa = PBXTargetDependency;
			target = F4EBE3D11C19BB740004D12E /* testAd */;
			targetProxy = F4EBE3F61C19BB750004D12E /* PBXContainerItemProxy */;
		};
/* End PBXTargetDependency section */

/* Begin PBXVariantGroup section */
		F4EBE3DD1C19BB750004D12E /* Main.storyboard */ = {
			isa = PBXVariantGroup;
			children = (
				F4EBE3DE1C19BB750004D12E /* Base */,
			);
			name = Main.storyboard;
			sourceTree = "<group>";
		};
		F4EBE3E21C19BB750004D12E /* LaunchScreen.storyboard */ = {
			isa = PBXVariantGroup;
			children = (
				F4EBE3E31C19BB750004D12E /* Base */,
			);
			name = LaunchScreen.storyboard;
			sourceTree = "<group>";
		};
/* End PBXVariantGroup section */

/* Begin XCBuildConfiguration section */
		161B9D9E1C0ECF8E005FB59B /* Debug */ = {
			isa = XCBuildConfiguration;
			buildSettings = {
				ALWAYS_SEARCH_USER_PATHS = NO;
				CLANG_CXX_LANGUAGE_STANDARD = "gnu++0x";
				CLANG_CXX_LIBRARY = "libc++";
				CLANG_ENABLE_MODULES = YES;
				CLANG_ENABLE_OBJC_ARC = YES;
				CLANG_WARN_BOOL_CONVERSION = YES;
				CLANG_WARN_CONSTANT_CONVERSION = YES;
				CLANG_WARN_DIRECT_OBJC_ISA_USAGE = YES_ERROR;
				CLANG_WARN_EMPTY_BODY = YES;
				CLANG_WARN_ENUM_CONVERSION = YES;
				CLANG_WARN_INT_CONVERSION = YES;
				CLANG_WARN_OBJC_ROOT_CLASS = YES_ERROR;
				CLANG_WARN_UNREACHABLE_CODE = YES;
				CLANG_WARN__DUPLICATE_METHOD_MATCH = YES;
				"CODE_SIGN_IDENTITY[sdk=iphoneos*]" = "iPhone Developer";
				COPY_PHASE_STRIP = NO;
				DEBUG_INFORMATION_FORMAT = dwarf;
				ENABLE_STRICT_OBJC_MSGSEND = YES;
				ENABLE_TESTABILITY = YES;
				GCC_C_LANGUAGE_STANDARD = gnu99;
				GCC_DYNAMIC_NO_PIC = NO;
				GCC_NO_COMMON_BLOCKS = YES;
				GCC_OPTIMIZATION_LEVEL = 0;
				GCC_PREPROCESSOR_DEFINITIONS = (
					"DEBUG=1",
					"$(inherited)",
				);
				GCC_WARN_64_TO_32_BIT_CONVERSION = YES;
				GCC_WARN_ABOUT_RETURN_TYPE = YES_ERROR;
				GCC_WARN_UNDECLARED_SELECTOR = YES;
				GCC_WARN_UNINITIALIZED_AUTOS = YES_AGGRESSIVE;
				GCC_WARN_UNUSED_FUNCTION = YES;
				GCC_WARN_UNUSED_VARIABLE = YES;
				IPHONEOS_DEPLOYMENT_TARGET = 8.0;
				MTL_ENABLE_DEBUG_INFO = YES;
				ONLY_ACTIVE_ARCH = YES;
				SDKROOT = iphoneos;
			};
			name = Debug;
		};
		161B9D9F1C0ECF8E005FB59B /* Release */ = {
			isa = XCBuildConfiguration;
			buildSettings = {
				ALWAYS_SEARCH_USER_PATHS = NO;
				CLANG_CXX_LANGUAGE_STANDARD = "gnu++0x";
				CLANG_CXX_LIBRARY = "libc++";
				CLANG_ENABLE_MODULES = YES;
				CLANG_ENABLE_OBJC_ARC = YES;
				CLANG_WARN_BOOL_CONVERSION = YES;
				CLANG_WARN_CONSTANT_CONVERSION = YES;
				CLANG_WARN_DIRECT_OBJC_ISA_USAGE = YES_ERROR;
				CLANG_WARN_EMPTY_BODY = YES;
				CLANG_WARN_ENUM_CONVERSION = YES;
				CLANG_WARN_INT_CONVERSION = YES;
				CLANG_WARN_OBJC_ROOT_CLASS = YES_ERROR;
				CLANG_WARN_UNREACHABLE_CODE = YES;
				CLANG_WARN__DUPLICATE_METHOD_MATCH = YES;
				"CODE_SIGN_IDENTITY[sdk=iphoneos*]" = "iPhone Developer";
				COPY_PHASE_STRIP = NO;
				DEBUG_INFORMATION_FORMAT = "dwarf-with-dsym";
				ENABLE_NS_ASSERTIONS = NO;
				ENABLE_STRICT_OBJC_MSGSEND = YES;
				GCC_C_LANGUAGE_STANDARD = gnu99;
				GCC_NO_COMMON_BLOCKS = YES;
				GCC_WARN_64_TO_32_BIT_CONVERSION = YES;
				GCC_WARN_ABOUT_RETURN_TYPE = YES_ERROR;
				GCC_WARN_UNDECLARED_SELECTOR = YES;
				GCC_WARN_UNINITIALIZED_AUTOS = YES_AGGRESSIVE;
				GCC_WARN_UNUSED_FUNCTION = YES;
				GCC_WARN_UNUSED_VARIABLE = YES;
				IPHONEOS_DEPLOYMENT_TARGET = 8.0;
				MTL_ENABLE_DEBUG_INFO = NO;
				SDKROOT = iphoneos;
				VALIDATE_PRODUCT = YES;
			};
			name = Release;
		};
		161B9DA11C0ECF8E005FB59B /* Debug */ = {
			isa = XCBuildConfiguration;
			buildSettings = {
				ARCHS = (
					"$(ARCHS_STANDARD)",
					i386,
				);
				OTHER_LDFLAGS = "-ObjC";
				PRODUCT_NAME = "$(TARGET_NAME)";
				SKIP_INSTALL = YES;
				VALID_ARCHS = "arm64 armv7 armv7s i386";
			};
			name = Debug;
		};
		161B9DA21C0ECF8E005FB59B /* Release */ = {
			isa = XCBuildConfiguration;
			buildSettings = {
				ARCHS = (
					"$(ARCHS_STANDARD)",
					i386,
				);
				OTHER_LDFLAGS = "-ObjC";
				PRODUCT_NAME = "$(TARGET_NAME)";
				SKIP_INSTALL = YES;
				VALID_ARCHS = "arm64 armv7 armv7s i386";
			};
			name = Release;
		};
		F4EBE3FD1C19BB750004D12E /* Debug */ = {
			isa = XCBuildConfiguration;
			buildSettings = {
				ASSETCATALOG_COMPILER_APPICON_NAME = AppIcon;
				INFOPLIST_FILE = testAd/Info.plist;
				IPHONEOS_DEPLOYMENT_TARGET = 8.0;
				LD_RUNPATH_SEARCH_PATHS = "$(inherited) @executable_path/Frameworks";
				PRODUCT_BUNDLE_IDENTIFIER = dev.testAd;
				PRODUCT_NAME = "$(TARGET_NAME)";
			};
			name = Debug;
		};
		F4EBE3FE1C19BB750004D12E /* Release */ = {
			isa = XCBuildConfiguration;
			buildSettings = {
				ASSETCATALOG_COMPILER_APPICON_NAME = AppIcon;
				INFOPLIST_FILE = testAd/Info.plist;
				IPHONEOS_DEPLOYMENT_TARGET = 8.0;
				LD_RUNPATH_SEARCH_PATHS = "$(inherited) @executable_path/Frameworks";
				PRODUCT_BUNDLE_IDENTIFIER = dev.testAd;
				PRODUCT_NAME = "$(TARGET_NAME)";
			};
			name = Release;
		};
		F4EBE4001C19BB750004D12E /* Debug */ = {
			isa = XCBuildConfiguration;
			buildSettings = {
				BUNDLE_LOADER = "$(TEST_HOST)";
				INFOPLIST_FILE = testAdTests/Info.plist;
				LD_RUNPATH_SEARCH_PATHS = "$(inherited) @executable_path/Frameworks @loader_path/Frameworks";
				PRODUCT_BUNDLE_IDENTIFIER = dev.testAdTests;
				PRODUCT_NAME = "$(TARGET_NAME)";
				TEST_HOST = "$(BUILT_PRODUCTS_DIR)/testAd.app/testAd";
			};
			name = Debug;
		};
		F4EBE4011C19BB750004D12E /* Release */ = {
			isa = XCBuildConfiguration;
			buildSettings = {
				BUNDLE_LOADER = "$(TEST_HOST)";
				INFOPLIST_FILE = testAdTests/Info.plist;
				LD_RUNPATH_SEARCH_PATHS = "$(inherited) @executable_path/Frameworks @loader_path/Frameworks";
				PRODUCT_BUNDLE_IDENTIFIER = dev.testAdTests;
				PRODUCT_NAME = "$(TARGET_NAME)";
				TEST_HOST = "$(BUILT_PRODUCTS_DIR)/testAd.app/testAd";
			};
			name = Release;
		};
		F4EBE4031C19BB750004D12E /* Debug */ = {
			isa = XCBuildConfiguration;
			buildSettings = {
				INFOPLIST_FILE = testAdUITests/Info.plist;
				LD_RUNPATH_SEARCH_PATHS = "$(inherited) @executable_path/Frameworks @loader_path/Frameworks";
				PRODUCT_BUNDLE_IDENTIFIER = dev.testAdUITests;
				PRODUCT_NAME = "$(TARGET_NAME)";
				TEST_TARGET_NAME = testAd;
				USES_XCTRUNNER = YES;
			};
			name = Debug;
		};
		F4EBE4041C19BB750004D12E /* Release */ = {
			isa = XCBuildConfiguration;
			buildSettings = {
				INFOPLIST_FILE = testAdUITests/Info.plist;
				LD_RUNPATH_SEARCH_PATHS = "$(inherited) @executable_path/Frameworks @loader_path/Frameworks";
				PRODUCT_BUNDLE_IDENTIFIER = dev.testAdUITests;
				PRODUCT_NAME = "$(TARGET_NAME)";
				TEST_TARGET_NAME = testAd;
				USES_XCTRUNNER = YES;
			};
			name = Release;
		};
/* End XCBuildConfiguration section */

/* Begin XCConfigurationList section */
		161B9D921C0ECF8E005FB59B /* Build configuration list for PBXProject "MaxMobSDKV2.0" */ = {
			isa = XCConfigurationList;
			buildConfigurations = (
				161B9D9E1C0ECF8E005FB59B /* Debug */,
				161B9D9F1C0ECF8E005FB59B /* Release */,
			);
			defaultConfigurationIsVisible = 0;
			defaultConfigurationName = Release;
		};
		161B9DA01C0ECF8E005FB59B /* Build configuration list for PBXNativeTarget "MaxMobSDKV2.0" */ = {
			isa = XCConfigurationList;
			buildConfigurations = (
				161B9DA11C0ECF8E005FB59B /* Debug */,
				161B9DA21C0ECF8E005FB59B /* Release */,
			);
			defaultConfigurationIsVisible = 0;
			defaultConfigurationName = Release;
		};
		F4EBE3FC1C19BB750004D12E /* Build configuration list for PBXNativeTarget "testAd" */ = {
			isa = XCConfigurationList;
			buildConfigurations = (
				F4EBE3FD1C19BB750004D12E /* Debug */,
				F4EBE3FE1C19BB750004D12E /* Release */,
			);
			defaultConfigurationIsVisible = 0;
			defaultConfigurationName = Release;
		};
		F4EBE3FF1C19BB750004D12E /* Build configuration list for PBXNativeTarget "testAdTests" */ = {
			isa = XCConfigurationList;
			buildConfigurations = (
				F4EBE4001C19BB750004D12E /* Debug */,
				F4EBE4011C19BB750004D12E /* Release */,
			);
			defaultConfigurationIsVisible = 0;
			defaultConfigurationName = Release;
		};
		F4EBE4021C19BB750004D12E /* Build configuration list for PBXNativeTarget "testAdUITests" */ = {
			isa = XCConfigurationList;
			buildConfigurations = (
				F4EBE4031C19BB750004D12E /* Debug */,
				F4EBE4041C19BB750004D12E /* Release */,
			);
			defaultConfigurationIsVisible = 0;
			defaultConfigurationName = Release;
		};
/* End XCConfigurationList section */
	};
	rootObject = 161B9D8F1C0ECF8E005FB59B /* Project object */;
}
